
Microsoft Visual Studio Solution File, Format Version 12.00
# Visual Studio Version 17
VisualStudioVersion = 17.8.34511.84
MinimumVisualStudioVersion = 10.0.40219.1
Project("{8BC9CEB8-8B4A-11D0-8D11-00A0C91BC942}") = "OpenCalculator", "OpenCalculator.vcxproj", "{3F63700F-1920-4434-BBAC-D6018E98342D}"
EndProject
Global
	GlobalSection(SolutionConfigurationPlatforms) = preSolution
		Debug|x64 = Debug|x64
		Debug|x86 = Debug|x86
		Release|x64 = Release|x64
		Release|x86 = Release|x86
	EndGlobalSection
	GlobalSection(ProjectConfigurationPlatforms) = postSolution
		{3F63700F-1920-4434-BBAC-D6018E98342D}.Debug|x64.ActiveCfg = Debug|x64
		{3F63700F-1920-4434-BBAC-D6018E98342D}.Debug|x64.Build.0 = Debug|x64
		{3F63700F-1920-4434-BBAC-D6018E98342D}.Debug|x86.ActiveCfg = Debug|Win32
		{3F63700F-1920-4434-BBAC-D6018E98342D}.Debug|x86.Build.0 = Debug|Win32
		{3F63700F-1920-4434-BBAC-D6018E98342D}.Release|x64.ActiveCfg = Release|x64
		{3F63700F-1920-4434-BBAC-D6018E98342D}.Release|x64.Build.0 = Release|x64
		{3F63700F-1920-4434-BBAC-D6018E98342D}.Release|x86.ActiveCfg = Release|Win32
		{3F63700F-1920-4434-BBAC-D6018E98342D}.Release|x86.Build.0 = Release|Win32
	EndGlobalSection
	GlobalSection(SolutionProperties) = preSolution
		HideSolutionNode = FALSE
	EndGlobalSection
	GlobalSection(ExtensibilityGlobals) = postSolution
		SolutionGuid = {0EDEC2AB-267E-4846-AD45-4875B780EF46}
	EndGlobalSection
EndGlobal
